
Microsoft Visual Studio Solution File, Format Version 11.00
# Visual Studio 2010
Project("{8BC9CEB8-8B4A-11D0-8D11-00A0C91BC942}") = "use_reference_parameter", "use_reference_parameter\use_reference_parameter.vcxproj", "{6CA2641A-FEE0-4CC8-B2F3-7B2A15C9B871}"
EndProject
Global
	GlobalSection(SolutionConfigurationPlatforms) = preSolution
		Debug|Win32 = Debug|Win32
		Release|Win32 = Release|Win32
	EndGlobalSection
	GlobalSection(ProjectConfigurationPlatforms) = postSolution
		{6CA2641A-FEE0-4CC8-B2F3-7B2A15C9B871}.Debug|Win32.ActiveCfg = Debug|Win32
		{6CA2641A-FEE0-4CC8-B2F3-7B2A15C9B871}.Debug|Win32.Build.0 = Debug|Win32
		{6CA2641A-FEE0-4CC8-B2F3-7B2A15C9B871}.Release|Win32.ActiveCfg = Release|Win32
		{6CA2641A-FEE0-4CC8-B2F3-7B2A15C9B871}.Release|Win32.Build.0 = Release|Win32
	EndGlobalSection
	GlobalSection(SolutionProperties) = preSolution
		HideSolutionNode = FALSE
	EndGlobalSection
EndGlobal
